
Microsoft Visual Studio Solution File, Format Version 12.00
# Visual Studio Version 17
VisualStudioVersion = 17.7.34221.43
MinimumVisualStudioVersion = 10.0.40219.1
Project("{2150E333-8FDC-42A3-9474-1A3956D46DE8}") = "src", "src", "{70D3C849-D56D-465F-B894-B96308C0E1F0}"
EndProject
Project("{2150E333-8FDC-42A3-9474-1A3956D46DE8}") = "core", "core", "{A28CF980-B520-424C-BAE1-11CEBA99D74E}"
EndProject
Project("{2150E333-8FDC-42A3-9474-1A3956D46DE8}") = "UI", "UI", "{2C9D1CBE-A5E4-47B6-9A94-0FD2B98653E3}"
EndProject
Project("{2150E333-8FDC-42A3-9474-1A3956D46DE8}") = "API", "API", "{2B82CFA3-DD74-47BF-80C2-CD8B6710B7F2}"
EndProject
Project("{9A19103F-16F7-4668-BE54-9A1E7A4F7556}") = "HR.LeaveManagement.Domain", "HR.LeaveManagement.Domain\HR.LeaveManagement.Domain.csproj", "{885A15D9-45FF-48B0-897E-E7BA9DDC0D9C}"
EndProject
Project("{9A19103F-16F7-4668-BE54-9A1E7A4F7556}") = "HR.LeaveManagement.Application", "HR.LeaveManagement.Application\HR.LeaveManagement.Application.csproj", "{7B1A37C1-50A9-4B53-9AAE-A33E00B52D0C}"
EndProject
Project("{2150E333-8FDC-42A3-9474-1A3956D46DE8}") = "Infrastructure", "Infrastructure", "{A2B99F49-7770-4E38-9E8F-A727C841E39C}"
EndProject
Project("{2150E333-8FDC-42A3-9474-1A3956D46DE8}") = "test", "test", "{A8E81E42-AE82-412F-85C1-53CE62317AEE}"
EndProject
Project("{9A19103F-16F7-4668-BE54-9A1E7A4F7556}") = "HR.LeaveManagement.Persistence", "HR.LeaveManagement.Persistence\HR.LeaveManagement.Persistence.csproj", "{7CEABB9F-FDA1-4421-9714-2835CA924F09}"
EndProject
Project("{FAE04EC0-301F-11D3-BF4B-00C04F79EFBC}") = "HR.LeaveManagement.Infrastructure", "HR.LeaveManagement.Infrastructure\HR.LeaveManagement.Infrastructure.csproj", "{B2284C82-62E0-400F-AC38-3FD48937496A}"
EndProject
Project("{FAE04EC0-301F-11D3-BF4B-00C04F79EFBC}") = "HR.LeaveManagement.API", "HR.LeaveManagement.API\HR.LeaveManagement.API.csproj", "{4EB1A30E-63D0-4A12-BE5E-99A16FBC3731}"
EndProject
Global
	GlobalSection(SolutionConfigurationPlatforms) = preSolution
		Debug|Any CPU = Debug|Any CPU
		Release|Any CPU = Release|Any CPU
	EndGlobalSection
	GlobalSection(ProjectConfigurationPlatforms) = postSolution
		{885A15D9-45FF-48B0-897E-E7BA9DDC0D9C}.Debug|Any CPU.ActiveCfg = Debug|Any CPU
		{885A15D9-45FF-48B0-897E-E7BA9DDC0D9C}.Debug|Any CPU.Build.0 = Debug|Any CPU
		{885A15D9-45FF-48B0-897E-E7BA9DDC0D9C}.Release|Any CPU.ActiveCfg = Release|Any CPU
		{885A15D9-45FF-48B0-897E-E7BA9DDC0D9C}.Release|Any CPU.Build.0 = Release|Any CPU
		{7B1A37C1-50A9-4B53-9AAE-A33E00B52D0C}.Debug|Any CPU.ActiveCfg = Debug|Any CPU
		{7B1A37C1-50A9-4B53-9AAE-A33E00B52D0C}.Debug|Any CPU.Build.0 = Debug|Any CPU
		{7B1A37C1-50A9-4B53-9AAE-A33E00B52D0C}.Release|Any CPU.ActiveCfg = Release|Any CPU
		{7B1A37C1-50A9-4B53-9AAE-A33E00B52D0C}.Release|Any CPU.Build.0 = Release|Any CPU
		{7CEABB9F-FDA1-4421-9714-2835CA924F09}.Debug|Any CPU.ActiveCfg = Debug|Any CPU
		{7CEABB9F-FDA1-4421-9714-2835CA924F09}.Debug|Any CPU.Build.0 = Debug|Any CPU
		{7CEABB9F-FDA1-4421-9714-2835CA924F09}.Release|Any CPU.ActiveCfg = Release|Any CPU
		{7CEABB9F-FDA1-4421-9714-2835CA924F09}.Release|Any CPU.Build.0 = Release|Any CPU
		{B2284C82-62E0-400F-AC38-3FD48937496A}.Debug|Any CPU.ActiveCfg = Debug|Any CPU
		{B2284C82-62E0-400F-AC38-3FD48937496A}.Debug|Any CPU.Build.0 = Debug|Any CPU
		{B2284C82-62E0-400F-AC38-3FD48937496A}.Release|Any CPU.ActiveCfg = Release|Any CPU
		{B2284C82-62E0-400F-AC38-3FD48937496A}.Release|Any CPU.Build.0 = Release|Any CPU
		{4EB1A30E-63D0-4A12-BE5E-99A16FBC3731}.Debug|Any CPU.ActiveCfg = Debug|Any CPU
		{4EB1A30E-63D0-4A12-BE5E-99A16FBC3731}.Debug|Any CPU.Build.0 = Debug|Any CPU
		{4EB1A30E-63D0-4A12-BE5E-99A16FBC3731}.Release|Any CPU.ActiveCfg = Release|Any CPU
		{4EB1A30E-63D0-4A12-BE5E-99A16FBC3731}.Release|Any CPU.Build.0 = Release|Any CPU
	EndGlobalSection
	GlobalSection(SolutionProperties) = preSolution
		HideSolutionNode = FALSE
	EndGlobalSection
	GlobalSection(NestedProjects) = preSolution
		{A28CF980-B520-424C-BAE1-11CEBA99D74E} = {70D3C849-D56D-465F-B894-B96308C0E1F0}
		{2C9D1CBE-A5E4-47B6-9A94-0FD2B98653E3} = {70D3C849-D56D-465F-B894-B96308C0E1F0}
		{2B82CFA3-DD74-47BF-80C2-CD8B6710B7F2} = {70D3C849-D56D-465F-B894-B96308C0E1F0}
		{885A15D9-45FF-48B0-897E-E7BA9DDC0D9C} = {A28CF980-B520-424C-BAE1-11CEBA99D74E}
		{7B1A37C1-50A9-4B53-9AAE-A33E00B52D0C} = {A28CF980-B520-424C-BAE1-11CEBA99D74E}
		{A2B99F49-7770-4E38-9E8F-A727C841E39C} = {70D3C849-D56D-465F-B894-B96308C0E1F0}
		{7CEABB9F-FDA1-4421-9714-2835CA924F09} = {A2B99F49-7770-4E38-9E8F-A727C841E39C}
		{B2284C82-62E0-400F-AC38-3FD48937496A} = {A2B99F49-7770-4E38-9E8F-A727C841E39C}
		{4EB1A30E-63D0-4A12-BE5E-99A16FBC3731} = {2B82CFA3-DD74-47BF-80C2-CD8B6710B7F2}
	EndGlobalSection
	GlobalSection(ExtensibilityGlobals) = postSolution
		SolutionGuid = {19805D65-269F-4F9A-A605-7A60585925AE}
	EndGlobalSection
EndGlobal
